
Microsoft Visual Studio Solution File, Format Version 12.00
# Visual Studio Version 17
VisualStudioVersion = 17.2.32519.379
MinimumVisualStudioVersion = 10.0.40219.1
Project("{9A19103F-16F7-4668-BE54-9A1E7A4F7556}") = "TredjeSemesterEksammensProjekt", "TredjeSemesterEksammensProjekt\TredjeSemesterEksammensProjekt.csproj", "{B6BEB3FE-A5EF-4770-A5FD-0581BC700802}"
EndProject
Project("{FAE04EC0-301F-11D3-BF4B-00C04F79EFBC}") = "UserDbMigrationProjekt", "UserDbMigration\UserDbMigrationProjekt.csproj", "{15861E96-1029-4785-A757-56BA74342CA7}"
EndProject
Project("{FAE04EC0-301F-11D3-BF4B-00C04F79EFBC}") = "UserDbContextProjekt", "UserDbContextProjekt\UserDbContextProjekt.csproj", "{527DA752-D1E6-4587-8417-F0DF7F6A1D19}"
EndProject
Global
	GlobalSection(SolutionConfigurationPlatforms) = preSolution
		Debug|Any CPU = Debug|Any CPU
		Release|Any CPU = Release|Any CPU
	EndGlobalSection
	GlobalSection(ProjectConfigurationPlatforms) = postSolution
		{B6BEB3FE-A5EF-4770-A5FD-0581BC700802}.Debug|Any CPU.ActiveCfg = Debug|Any CPU
		{B6BEB3FE-A5EF-4770-A5FD-0581BC700802}.Debug|Any CPU.Build.0 = Debug|Any CPU
		{B6BEB3FE-A5EF-4770-A5FD-0581BC700802}.Release|Any CPU.ActiveCfg = Release|Any CPU
		{B6BEB3FE-A5EF-4770-A5FD-0581BC700802}.Release|Any CPU.Build.0 = Release|Any CPU
		{15861E96-1029-4785-A757-56BA74342CA7}.Debug|Any CPU.ActiveCfg = Debug|Any CPU
		{15861E96-1029-4785-A757-56BA74342CA7}.Debug|Any CPU.Build.0 = Debug|Any CPU
		{15861E96-1029-4785-A757-56BA74342CA7}.Release|Any CPU.ActiveCfg = Release|Any CPU
		{15861E96-1029-4785-A757-56BA74342CA7}.Release|Any CPU.Build.0 = Release|Any CPU
		{527DA752-D1E6-4587-8417-F0DF7F6A1D19}.Debug|Any CPU.ActiveCfg = Debug|Any CPU
		{527DA752-D1E6-4587-8417-F0DF7F6A1D19}.Debug|Any CPU.Build.0 = Debug|Any CPU
		{527DA752-D1E6-4587-8417-F0DF7F6A1D19}.Release|Any CPU.ActiveCfg = Release|Any CPU
		{527DA752-D1E6-4587-8417-F0DF7F6A1D19}.Release|Any CPU.Build.0 = Release|Any CPU
	EndGlobalSection
	GlobalSection(SolutionProperties) = preSolution
		HideSolutionNode = FALSE
	EndGlobalSection
	GlobalSection(ExtensibilityGlobals) = postSolution
		SolutionGuid = {45B8FD0D-ECCA-4BD4-BEC6-D389CC3AE084}
	EndGlobalSection
EndGlobal
