
Microsoft Visual Studio Solution File, Format Version 12.00
# Visual Studio Version 17
VisualStudioVersion = 17.2.32519.379
MinimumVisualStudioVersion = 10.0.40219.1
Project("{9A19103F-16F7-4668-BE54-9A1E7A4F7556}") = "TredjeSemesterEksammensProjekt", "TredjeSemesterEksammensProjekt\TredjeSemesterEksammensProjekt.csproj", "{B6BEB3FE-A5EF-4770-A5FD-0581BC700802}"
EndProject
Project("{9A19103F-16F7-4668-BE54-9A1E7A4F7556}") = "UserDbMigrationProjekt", "UserDbMigration\UserDbMigrationProjekt.csproj", "{15861E96-1029-4785-A757-56BA74342CA7}"
EndProject
Project("{9A19103F-16F7-4668-BE54-9A1E7A4F7556}") = "UserDbContextProjekt", "UserDbContextProjekt\UserDbContextProjekt.csproj", "{527DA752-D1E6-4587-8417-F0DF7F6A1D19}"
EndProject
Project("{2150E333-8FDC-42A3-9474-1A3956D46DE8}") = "Features", "Features", "{2FADAC6C-3DF3-48A6-AE35-44A7A9124FFA}"
EndProject
Project("{FAE04EC0-301F-11D3-BF4B-00C04F79EFBC}") = "TredjeSemesterEksamensProjekt.Api", "TredjeSemesterEksamensProjekt.Api\TredjeSemesterEksamensProjekt.Api.csproj", "{20FEAFA4-B87E-4B50-8652-9B9E242BCD6E}"
EndProject
Project("{2150E333-8FDC-42A3-9474-1A3956D46DE8}") = "Opgave", "Opgave", "{19730E75-5ABC-42A9-8554-6E90FBDE4AC6}"
EndProject
Project("{FAE04EC0-301F-11D3-BF4B-00C04F79EFBC}") = "TredjeSemesterEksamensProjekt.Opgave.Domain", "TredjeSemesterEksamensProjekt.Opgave.Domain\TredjeSemesterEksamensProjekt.Opgave.Domain.csproj", "{5B30820E-3964-47B5-9426-DFE72B2745FB}"
EndProject
Project("{FAE04EC0-301F-11D3-BF4B-00C04F79EFBC}") = "TredjeSemesterEksamensProjekt.Opgave.Domain.Test", "TredjeSemesterEksamensProjekt.Opgave.Domain.Test\TredjeSemesterEksamensProjekt.Opgave.Domain.Test.csproj", "{73885831-B4CD-4600-920C-F327864C38B4}"
EndProject
Global
	GlobalSection(SolutionConfigurationPlatforms) = preSolution
		Debug|Any CPU = Debug|Any CPU
		Release|Any CPU = Release|Any CPU
	EndGlobalSection
	GlobalSection(ProjectConfigurationPlatforms) = postSolution
		{B6BEB3FE-A5EF-4770-A5FD-0581BC700802}.Debug|Any CPU.ActiveCfg = Debug|Any CPU
		{B6BEB3FE-A5EF-4770-A5FD-0581BC700802}.Debug|Any CPU.Build.0 = Debug|Any CPU
		{B6BEB3FE-A5EF-4770-A5FD-0581BC700802}.Release|Any CPU.ActiveCfg = Release|Any CPU
		{B6BEB3FE-A5EF-4770-A5FD-0581BC700802}.Release|Any CPU.Build.0 = Release|Any CPU
		{15861E96-1029-4785-A757-56BA74342CA7}.Debug|Any CPU.ActiveCfg = Debug|Any CPU
		{15861E96-1029-4785-A757-56BA74342CA7}.Debug|Any CPU.Build.0 = Debug|Any CPU
		{15861E96-1029-4785-A757-56BA74342CA7}.Release|Any CPU.ActiveCfg = Release|Any CPU
		{15861E96-1029-4785-A757-56BA74342CA7}.Release|Any CPU.Build.0 = Release|Any CPU
		{527DA752-D1E6-4587-8417-F0DF7F6A1D19}.Debug|Any CPU.ActiveCfg = Debug|Any CPU
		{527DA752-D1E6-4587-8417-F0DF7F6A1D19}.Debug|Any CPU.Build.0 = Debug|Any CPU
		{527DA752-D1E6-4587-8417-F0DF7F6A1D19}.Release|Any CPU.ActiveCfg = Release|Any CPU
		{527DA752-D1E6-4587-8417-F0DF7F6A1D19}.Release|Any CPU.Build.0 = Release|Any CPU
		{20FEAFA4-B87E-4B50-8652-9B9E242BCD6E}.Debug|Any CPU.ActiveCfg = Debug|Any CPU
		{20FEAFA4-B87E-4B50-8652-9B9E242BCD6E}.Debug|Any CPU.Build.0 = Debug|Any CPU
		{20FEAFA4-B87E-4B50-8652-9B9E242BCD6E}.Release|Any CPU.ActiveCfg = Release|Any CPU
		{20FEAFA4-B87E-4B50-8652-9B9E242BCD6E}.Release|Any CPU.Build.0 = Release|Any CPU
		{5B30820E-3964-47B5-9426-DFE72B2745FB}.Debug|Any CPU.ActiveCfg = Debug|Any CPU
		{5B30820E-3964-47B5-9426-DFE72B2745FB}.Debug|Any CPU.Build.0 = Debug|Any CPU
		{5B30820E-3964-47B5-9426-DFE72B2745FB}.Release|Any CPU.ActiveCfg = Release|Any CPU
		{5B30820E-3964-47B5-9426-DFE72B2745FB}.Release|Any CPU.Build.0 = Release|Any CPU
		{73885831-B4CD-4600-920C-F327864C38B4}.Debug|Any CPU.ActiveCfg = Debug|Any CPU
		{73885831-B4CD-4600-920C-F327864C38B4}.Debug|Any CPU.Build.0 = Debug|Any CPU
		{73885831-B4CD-4600-920C-F327864C38B4}.Release|Any CPU.ActiveCfg = Release|Any CPU
		{73885831-B4CD-4600-920C-F327864C38B4}.Release|Any CPU.Build.0 = Release|Any CPU
	EndGlobalSection
	GlobalSection(SolutionProperties) = preSolution
		HideSolutionNode = FALSE
	EndGlobalSection
	GlobalSection(NestedProjects) = preSolution
		{19730E75-5ABC-42A9-8554-6E90FBDE4AC6} = {2FADAC6C-3DF3-48A6-AE35-44A7A9124FFA}
		{5B30820E-3964-47B5-9426-DFE72B2745FB} = {19730E75-5ABC-42A9-8554-6E90FBDE4AC6}
		{73885831-B4CD-4600-920C-F327864C38B4} = {19730E75-5ABC-42A9-8554-6E90FBDE4AC6}
	EndGlobalSection
	GlobalSection(ExtensibilityGlobals) = postSolution
		SolutionGuid = {45B8FD0D-ECCA-4BD4-BEC6-D389CC3AE084}
	EndGlobalSection
EndGlobal
