
Microsoft Visual Studio Solution File, Format Version 12.00
# Visual Studio Version 17
VisualStudioVersion = 17.2.32519.379
MinimumVisualStudioVersion = 10.0.40219.1
Project("{9A19103F-16F7-4668-BE54-9A1E7A4F7556}") = "TSEP.App", "TSEP.App\TSEP.App.csproj", "{B6BEB3FE-A5EF-4770-A5FD-0581BC700802}"
EndProject
Project("{9A19103F-16F7-4668-BE54-9A1E7A4F7556}") = "TSEP.UserDbMigration", "TSEP.UserDbMigration\TSEP.UserDbMigration.csproj", "{15861E96-1029-4785-A757-56BA74342CA7}"
EndProject
Project("{9A19103F-16F7-4668-BE54-9A1E7A4F7556}") = "TSEP.UserDbContext", "TSEP.UserDbContext\TSEP.UserDbContext.csproj", "{527DA752-D1E6-4587-8417-F0DF7F6A1D19}"
EndProject
Project("{2150E333-8FDC-42A3-9474-1A3956D46DE8}") = "Features", "Features", "{2FADAC6C-3DF3-48A6-AE35-44A7A9124FFA}"
EndProject
Project("{9A19103F-16F7-4668-BE54-9A1E7A4F7556}") = "TSEP.Api", "TSEP.Api\TSEP.Api.csproj", "{20FEAFA4-B87E-4B50-8652-9B9E242BCD6E}"
EndProject
Project("{2150E333-8FDC-42A3-9474-1A3956D46DE8}") = "StamData", "StamData", "{19730E75-5ABC-42A9-8554-6E90FBDE4AC6}"
EndProject
Project("{9A19103F-16F7-4668-BE54-9A1E7A4F7556}") = "TSEP.StamData.Domain", "TSEP.StamData.Domain\TSEP.StamData.Domain.csproj", "{5B30820E-3964-47B5-9426-DFE72B2745FB}"
EndProject
Project("{9A19103F-16F7-4668-BE54-9A1E7A4F7556}") = "TSEP.StamData.Domain.Test", "TSEP.StamData.Domain.Test\TSEP.StamData.Domain.Test.csproj", "{73885831-B4CD-4600-920C-F327864C38B4}"
EndProject
Project("{9A19103F-16F7-4668-BE54-9A1E7A4F7556}") = "TSEP.StamData.Application", "TSEP.StamData.Application\TSEP.StamData.Application.csproj", "{B9485C70-0BB8-4F51-B213-28B314C56254}"
EndProject
Project("{9A19103F-16F7-4668-BE54-9A1E7A4F7556}") = "TSEP.StamData.Infrastructor", "TSEP.StamData.Infrastructor\TSEP.StamData.Infrastructor.csproj", "{D7C27B58-1F62-4A31-9EA5-B8E6DE6B9026}"
EndProject
Project("{9A19103F-16F7-4668-BE54-9A1E7A4F7556}") = "TSEP.SqlDbContext", "TSEP.SqlDbContext\TSEP.SqlDbContext.csproj", "{91953AA5-BA82-4663-B182-C68B6DDF91E9}"
EndProject
Project("{9A19103F-16F7-4668-BE54-9A1E7A4F7556}") = "TSEP.SqlDbContext.Migrations", "TSEP.SqlDbContext.Migrations\TSEP.SqlDbContext.Migrations.csproj", "{85A7C562-E415-40F1-88C2-5A50E75CDD57}"
EndProject
Project("{E53339B2-1760-4266-BCC7-CA923CBCF16C}") = "docker-compose", "docker-compose.dcproj", "{2160430E-ECE8-40FA-BAD9-E33517EB2290}"
EndProject
Project("{2150E333-8FDC-42A3-9474-1A3956D46DE8}") = "Igangsættelse", "Igangsættelse", "{188B77B8-128C-42DC-BB86-710C233FEF4C}"
EndProject
Project("{9A19103F-16F7-4668-BE54-9A1E7A4F7556}") = "TSEP.Igangsættelse.Application", "TSEP.Igangsættelse.Application\TSEP.Igangsættelse.Application.csproj", "{FC646DFF-76F1-456F-9192-E21EDE037A7A}"
EndProject
Project("{9A19103F-16F7-4668-BE54-9A1E7A4F7556}") = "TSEP.Igangsættelse.Domain", "TSEP.Igangsættelse.Domain\TSEP.Igangsættelse.Domain.csproj", "{F11D0975-E6F3-410F-94B6-2FF6E2697C1F}"
EndProject
Project("{9A19103F-16F7-4668-BE54-9A1E7A4F7556}") = "TSEP.Igangsættelse.Infrastructor", "TSEP.Igangsættelse.Infrastructor\TSEP.Igangsættelse.Infrastructor.csproj", "{C1D61596-60C2-4681-B209-53D8C7A7886C}"
EndProject
Project("{2150E333-8FDC-42A3-9474-1A3956D46DE8}") = "Kalender", "Kalender", "{8503C999-B563-4937-8082-5CB74F974D6B}"
EndProject
Project("{FAE04EC0-301F-11D3-BF4B-00C04F79EFBC}") = "TSEP.Kalender.Application", "TSEP.Kalender.Application\TSEP.Kalender.Application.csproj", "{40650AB6-EFF7-4A66-A1B6-8864BE37C56F}"
EndProject
Project("{FAE04EC0-301F-11D3-BF4B-00C04F79EFBC}") = "TSEP.Kalender.Domain", "TSEP.Kalender.Domain\TSEP.Kalender.Domain.csproj", "{C773EE4A-0818-4CD9-9EC5-0CF86BDD5E11}"
EndProject
Project("{FAE04EC0-301F-11D3-BF4B-00C04F79EFBC}") = "TSEP.Kalender.Infrastructor", "TSEP.Kalender.Infrastructor\TSEP.Kalender.Infrastructor.csproj", "{7FDFF224-F326-4AA6-80D7-7069FFD400E9}"
EndProject
Global
	GlobalSection(SolutionConfigurationPlatforms) = preSolution
		Debug|Any CPU = Debug|Any CPU
		Release|Any CPU = Release|Any CPU
	EndGlobalSection
	GlobalSection(ProjectConfigurationPlatforms) = postSolution
		{B6BEB3FE-A5EF-4770-A5FD-0581BC700802}.Debug|Any CPU.ActiveCfg = Debug|Any CPU
		{B6BEB3FE-A5EF-4770-A5FD-0581BC700802}.Debug|Any CPU.Build.0 = Debug|Any CPU
		{B6BEB3FE-A5EF-4770-A5FD-0581BC700802}.Release|Any CPU.ActiveCfg = Release|Any CPU
		{B6BEB3FE-A5EF-4770-A5FD-0581BC700802}.Release|Any CPU.Build.0 = Release|Any CPU
		{15861E96-1029-4785-A757-56BA74342CA7}.Debug|Any CPU.ActiveCfg = Debug|Any CPU
		{15861E96-1029-4785-A757-56BA74342CA7}.Debug|Any CPU.Build.0 = Debug|Any CPU
		{15861E96-1029-4785-A757-56BA74342CA7}.Release|Any CPU.ActiveCfg = Release|Any CPU
		{15861E96-1029-4785-A757-56BA74342CA7}.Release|Any CPU.Build.0 = Release|Any CPU
		{527DA752-D1E6-4587-8417-F0DF7F6A1D19}.Debug|Any CPU.ActiveCfg = Debug|Any CPU
		{527DA752-D1E6-4587-8417-F0DF7F6A1D19}.Debug|Any CPU.Build.0 = Debug|Any CPU
		{527DA752-D1E6-4587-8417-F0DF7F6A1D19}.Release|Any CPU.ActiveCfg = Release|Any CPU
		{527DA752-D1E6-4587-8417-F0DF7F6A1D19}.Release|Any CPU.Build.0 = Release|Any CPU
		{20FEAFA4-B87E-4B50-8652-9B9E242BCD6E}.Debug|Any CPU.ActiveCfg = Debug|Any CPU
		{20FEAFA4-B87E-4B50-8652-9B9E242BCD6E}.Debug|Any CPU.Build.0 = Debug|Any CPU
		{20FEAFA4-B87E-4B50-8652-9B9E242BCD6E}.Release|Any CPU.ActiveCfg = Release|Any CPU
		{20FEAFA4-B87E-4B50-8652-9B9E242BCD6E}.Release|Any CPU.Build.0 = Release|Any CPU
		{5B30820E-3964-47B5-9426-DFE72B2745FB}.Debug|Any CPU.ActiveCfg = Debug|Any CPU
		{5B30820E-3964-47B5-9426-DFE72B2745FB}.Debug|Any CPU.Build.0 = Debug|Any CPU
		{5B30820E-3964-47B5-9426-DFE72B2745FB}.Release|Any CPU.ActiveCfg = Release|Any CPU
		{5B30820E-3964-47B5-9426-DFE72B2745FB}.Release|Any CPU.Build.0 = Release|Any CPU
		{73885831-B4CD-4600-920C-F327864C38B4}.Debug|Any CPU.ActiveCfg = Debug|Any CPU
		{73885831-B4CD-4600-920C-F327864C38B4}.Debug|Any CPU.Build.0 = Debug|Any CPU
		{73885831-B4CD-4600-920C-F327864C38B4}.Release|Any CPU.ActiveCfg = Release|Any CPU
		{73885831-B4CD-4600-920C-F327864C38B4}.Release|Any CPU.Build.0 = Release|Any CPU
		{B9485C70-0BB8-4F51-B213-28B314C56254}.Debug|Any CPU.ActiveCfg = Debug|Any CPU
		{B9485C70-0BB8-4F51-B213-28B314C56254}.Debug|Any CPU.Build.0 = Debug|Any CPU
		{B9485C70-0BB8-4F51-B213-28B314C56254}.Release|Any CPU.ActiveCfg = Release|Any CPU
		{B9485C70-0BB8-4F51-B213-28B314C56254}.Release|Any CPU.Build.0 = Release|Any CPU
		{D7C27B58-1F62-4A31-9EA5-B8E6DE6B9026}.Debug|Any CPU.ActiveCfg = Debug|Any CPU
		{D7C27B58-1F62-4A31-9EA5-B8E6DE6B9026}.Debug|Any CPU.Build.0 = Debug|Any CPU
		{D7C27B58-1F62-4A31-9EA5-B8E6DE6B9026}.Release|Any CPU.ActiveCfg = Release|Any CPU
		{D7C27B58-1F62-4A31-9EA5-B8E6DE6B9026}.Release|Any CPU.Build.0 = Release|Any CPU
		{91953AA5-BA82-4663-B182-C68B6DDF91E9}.Debug|Any CPU.ActiveCfg = Debug|Any CPU
		{91953AA5-BA82-4663-B182-C68B6DDF91E9}.Debug|Any CPU.Build.0 = Debug|Any CPU
		{91953AA5-BA82-4663-B182-C68B6DDF91E9}.Release|Any CPU.ActiveCfg = Release|Any CPU
		{91953AA5-BA82-4663-B182-C68B6DDF91E9}.Release|Any CPU.Build.0 = Release|Any CPU
		{85A7C562-E415-40F1-88C2-5A50E75CDD57}.Debug|Any CPU.ActiveCfg = Debug|Any CPU
		{85A7C562-E415-40F1-88C2-5A50E75CDD57}.Debug|Any CPU.Build.0 = Debug|Any CPU
		{85A7C562-E415-40F1-88C2-5A50E75CDD57}.Release|Any CPU.ActiveCfg = Release|Any CPU
		{85A7C562-E415-40F1-88C2-5A50E75CDD57}.Release|Any CPU.Build.0 = Release|Any CPU
		{2160430E-ECE8-40FA-BAD9-E33517EB2290}.Debug|Any CPU.ActiveCfg = Debug|Any CPU
		{2160430E-ECE8-40FA-BAD9-E33517EB2290}.Debug|Any CPU.Build.0 = Debug|Any CPU
		{2160430E-ECE8-40FA-BAD9-E33517EB2290}.Release|Any CPU.ActiveCfg = Release|Any CPU
		{2160430E-ECE8-40FA-BAD9-E33517EB2290}.Release|Any CPU.Build.0 = Release|Any CPU
		{FC646DFF-76F1-456F-9192-E21EDE037A7A}.Debug|Any CPU.ActiveCfg = Debug|Any CPU
		{FC646DFF-76F1-456F-9192-E21EDE037A7A}.Debug|Any CPU.Build.0 = Debug|Any CPU
		{FC646DFF-76F1-456F-9192-E21EDE037A7A}.Release|Any CPU.ActiveCfg = Release|Any CPU
		{FC646DFF-76F1-456F-9192-E21EDE037A7A}.Release|Any CPU.Build.0 = Release|Any CPU
		{F11D0975-E6F3-410F-94B6-2FF6E2697C1F}.Debug|Any CPU.ActiveCfg = Debug|Any CPU
		{F11D0975-E6F3-410F-94B6-2FF6E2697C1F}.Debug|Any CPU.Build.0 = Debug|Any CPU
		{F11D0975-E6F3-410F-94B6-2FF6E2697C1F}.Release|Any CPU.ActiveCfg = Release|Any CPU
		{F11D0975-E6F3-410F-94B6-2FF6E2697C1F}.Release|Any CPU.Build.0 = Release|Any CPU
		{C1D61596-60C2-4681-B209-53D8C7A7886C}.Debug|Any CPU.ActiveCfg = Debug|Any CPU
		{C1D61596-60C2-4681-B209-53D8C7A7886C}.Debug|Any CPU.Build.0 = Debug|Any CPU
		{C1D61596-60C2-4681-B209-53D8C7A7886C}.Release|Any CPU.ActiveCfg = Release|Any CPU
		{C1D61596-60C2-4681-B209-53D8C7A7886C}.Release|Any CPU.Build.0 = Release|Any CPU
		{40650AB6-EFF7-4A66-A1B6-8864BE37C56F}.Debug|Any CPU.ActiveCfg = Debug|Any CPU
		{40650AB6-EFF7-4A66-A1B6-8864BE37C56F}.Debug|Any CPU.Build.0 = Debug|Any CPU
		{40650AB6-EFF7-4A66-A1B6-8864BE37C56F}.Release|Any CPU.ActiveCfg = Release|Any CPU
		{40650AB6-EFF7-4A66-A1B6-8864BE37C56F}.Release|Any CPU.Build.0 = Release|Any CPU
		{C773EE4A-0818-4CD9-9EC5-0CF86BDD5E11}.Debug|Any CPU.ActiveCfg = Debug|Any CPU
		{C773EE4A-0818-4CD9-9EC5-0CF86BDD5E11}.Debug|Any CPU.Build.0 = Debug|Any CPU
		{C773EE4A-0818-4CD9-9EC5-0CF86BDD5E11}.Release|Any CPU.ActiveCfg = Release|Any CPU
		{C773EE4A-0818-4CD9-9EC5-0CF86BDD5E11}.Release|Any CPU.Build.0 = Release|Any CPU
		{7FDFF224-F326-4AA6-80D7-7069FFD400E9}.Debug|Any CPU.ActiveCfg = Debug|Any CPU
		{7FDFF224-F326-4AA6-80D7-7069FFD400E9}.Debug|Any CPU.Build.0 = Debug|Any CPU
		{7FDFF224-F326-4AA6-80D7-7069FFD400E9}.Release|Any CPU.ActiveCfg = Release|Any CPU
		{7FDFF224-F326-4AA6-80D7-7069FFD400E9}.Release|Any CPU.Build.0 = Release|Any CPU
	EndGlobalSection
	GlobalSection(SolutionProperties) = preSolution
		HideSolutionNode = FALSE
	EndGlobalSection
	GlobalSection(NestedProjects) = preSolution
		{19730E75-5ABC-42A9-8554-6E90FBDE4AC6} = {2FADAC6C-3DF3-48A6-AE35-44A7A9124FFA}
		{5B30820E-3964-47B5-9426-DFE72B2745FB} = {19730E75-5ABC-42A9-8554-6E90FBDE4AC6}
		{73885831-B4CD-4600-920C-F327864C38B4} = {19730E75-5ABC-42A9-8554-6E90FBDE4AC6}
		{B9485C70-0BB8-4F51-B213-28B314C56254} = {19730E75-5ABC-42A9-8554-6E90FBDE4AC6}
		{D7C27B58-1F62-4A31-9EA5-B8E6DE6B9026} = {19730E75-5ABC-42A9-8554-6E90FBDE4AC6}
		{188B77B8-128C-42DC-BB86-710C233FEF4C} = {2FADAC6C-3DF3-48A6-AE35-44A7A9124FFA}
		{FC646DFF-76F1-456F-9192-E21EDE037A7A} = {188B77B8-128C-42DC-BB86-710C233FEF4C}
		{F11D0975-E6F3-410F-94B6-2FF6E2697C1F} = {188B77B8-128C-42DC-BB86-710C233FEF4C}
		{C1D61596-60C2-4681-B209-53D8C7A7886C} = {188B77B8-128C-42DC-BB86-710C233FEF4C}
		{8503C999-B563-4937-8082-5CB74F974D6B} = {2FADAC6C-3DF3-48A6-AE35-44A7A9124FFA}
		{40650AB6-EFF7-4A66-A1B6-8864BE37C56F} = {8503C999-B563-4937-8082-5CB74F974D6B}
		{C773EE4A-0818-4CD9-9EC5-0CF86BDD5E11} = {8503C999-B563-4937-8082-5CB74F974D6B}
		{7FDFF224-F326-4AA6-80D7-7069FFD400E9} = {8503C999-B563-4937-8082-5CB74F974D6B}
	EndGlobalSection
	GlobalSection(ExtensibilityGlobals) = postSolution
		SolutionGuid = {45B8FD0D-ECCA-4BD4-BEC6-D389CC3AE084}
	EndGlobalSection
EndGlobal
